
Microsoft Visual Studio Solution File, Format Version 12.00
# Visual Studio Version 16
VisualStudioVersion = 16.0.30804.86
MinimumVisualStudioVersion = 10.0.40219.1
Project("{9A19103F-16F7-4668-BE54-9A1E7A4F7556}") = "InnoTechApp", "InnoTechApp\InnoTechApp.csproj", "{73BBFCE3-8435-46A7-8BBF-5175B61581D1}"
EndProject
Project("{9A19103F-16F7-4668-BE54-9A1E7A4F7556}") = "InnoTechApp.Data", "InnoTechApp.Data\InnoTechApp.Data.csproj", "{C0A9EFD9-9FC2-457D-98D9-562705A66014}"
EndProject
Project("{9A19103F-16F7-4668-BE54-9A1E7A4F7556}") = "InnoTechApp.Core", "InnoTechApp.Core\InnoTechApp.Core.csproj", "{D467DFE5-1C2F-42F1-9FC1-5B8514A6CF9F}"
EndProject
Global
	GlobalSection(SolutionConfigurationPlatforms) = preSolution
		Debug|Any CPU = Debug|Any CPU
		Release|Any CPU = Release|Any CPU
	EndGlobalSection
	GlobalSection(ProjectConfigurationPlatforms) = postSolution
		{73BBFCE3-8435-46A7-8BBF-5175B61581D1}.Debug|Any CPU.ActiveCfg = Debug|Any CPU
		{73BBFCE3-8435-46A7-8BBF-5175B61581D1}.Debug|Any CPU.Build.0 = Debug|Any CPU
		{73BBFCE3-8435-46A7-8BBF-5175B61581D1}.Release|Any CPU.ActiveCfg = Release|Any CPU
		{73BBFCE3-8435-46A7-8BBF-5175B61581D1}.Release|Any CPU.Build.0 = Release|Any CPU
		{C0A9EFD9-9FC2-457D-98D9-562705A66014}.Debug|Any CPU.ActiveCfg = Debug|Any CPU
		{C0A9EFD9-9FC2-457D-98D9-562705A66014}.Debug|Any CPU.Build.0 = Debug|Any CPU
		{C0A9EFD9-9FC2-457D-98D9-562705A66014}.Release|Any CPU.ActiveCfg = Release|Any CPU
		{C0A9EFD9-9FC2-457D-98D9-562705A66014}.Release|Any CPU.Build.0 = Release|Any CPU
		{D467DFE5-1C2F-42F1-9FC1-5B8514A6CF9F}.Debug|Any CPU.ActiveCfg = Debug|Any CPU
		{D467DFE5-1C2F-42F1-9FC1-5B8514A6CF9F}.Debug|Any CPU.Build.0 = Debug|Any CPU
		{D467DFE5-1C2F-42F1-9FC1-5B8514A6CF9F}.Release|Any CPU.ActiveCfg = Release|Any CPU
		{D467DFE5-1C2F-42F1-9FC1-5B8514A6CF9F}.Release|Any CPU.Build.0 = Release|Any CPU
	EndGlobalSection
	GlobalSection(SolutionProperties) = preSolution
		HideSolutionNode = FALSE
	EndGlobalSection
	GlobalSection(ExtensibilityGlobals) = postSolution
		SolutionGuid = {7A4DCB92-C215-4660-950D-3F1417BDD028}
	EndGlobalSection
EndGlobal
